
Microsoft Visual Studio Solution File, Format Version 12.00
Project("{FAE04EC0-301F-11D3-BF4B-00C04F79EFBC}") = "LinkedListTemplate", "LinkedListTemplate.csproj", "{FA7F2B5E-F8D4-45C9-A031-BF27D808F438}"
EndProject
Global
	GlobalSection(SolutionConfigurationPlatforms) = preSolution
		Debug|Any CPU = Debug|Any CPU
		Release|Any CPU = Release|Any CPU
	EndGlobalSection
	GlobalSection(ProjectConfigurationPlatforms) = postSolution
		{FA7F2B5E-F8D4-45C9-A031-BF27D808F438}.Debug|Any CPU.ActiveCfg = Debug|Any CPU
		{FA7F2B5E-F8D4-45C9-A031-BF27D808F438}.Debug|Any CPU.Build.0 = Debug|Any CPU
		{FA7F2B5E-F8D4-45C9-A031-BF27D808F438}.Release|Any CPU.ActiveCfg = Release|Any CPU
		{FA7F2B5E-F8D4-45C9-A031-BF27D808F438}.Release|Any CPU.Build.0 = Release|Any CPU
	EndGlobalSection
EndGlobal
